
Microsoft Visual Studio Solution File, Format Version 12.00
# Visual Studio Version 16
VisualStudioVersion = 16.0.31313.79
MinimumVisualStudioVersion = 10.0.40219.1
Project("{FAE04EC0-301F-11D3-BF4B-00C04F79EFBC}") = "Nina.R2020", "Nina.R2020\Nina.R2020.csproj", "{41715FF6-B8F0-4B59-BC88-98D00244DF92}"
EndProject
Project("{D954291E-2A0B-460D-934E-DC6B0785DB48}") = "Nina.Ribbon", "Nina.Ribbon\Nina.Ribbon.shproj", "{D0407110-0248-4BB3-A50C-7BE272DB42B3}"
EndProject
Project("{D954291E-2A0B-460D-934E-DC6B0785DB48}") = "Nina", "Nina\Nina.shproj", "{5063B465-5BEC-495A-92B6-304F7F094475}"
EndProject
Project("{D954291E-2A0B-460D-934E-DC6B0785DB48}") = "Nina.Common", "Nina.Common\Nina.Common.shproj", "{2D838553-D6A4-4F38-8369-4232D7CBA9A1}"
EndProject
Project("{FAE04EC0-301F-11D3-BF4B-00C04F79EFBC}") = "Nina.R2021", "Nina.R2021\Nina.R2021.csproj", "{AF077125-ED5A-43D0-8C65-57F83FB837F6}"
EndProject
Project("{FAE04EC0-301F-11D3-BF4B-00C04F79EFBC}") = "Nina.R2022", "Nina.R2022\Nina.R2022.csproj", "{DA685808-E83E-40BC-BB9D-F0DCD072727F}"
EndProject
Project("{FAE04EC0-301F-11D3-BF4B-00C04F79EFBC}") = "Nina.R2019", "Nina.R2019\Nina.R2019.csproj", "{40303A00-F9FA-49C1-BB31-BC5CC5DE7F7F}"
EndProject
Project("{FAE04EC0-301F-11D3-BF4B-00C04F79EFBC}") = "Nina.R2018", "Nina.R2018\Nina.R2018.csproj", "{E72EB623-16A7-4A68-BC8A-62CCBE8550BF}"
EndProject
Project("{FAE04EC0-301F-11D3-BF4B-00C04F79EFBC}") = "Nina.R2017", "Nina.R2017\Nina.R2017.csproj", "{115F6477-2CAC-4BF5-B7A6-BA77086A5573}"
EndProject
Project("{D954291E-2A0B-460D-934E-DC6B0785DB48}") = "Nina.Visibility", "Nina.Visibility\Nina.Visibility.shproj", "{69F27C35-99DB-4218-86FA-C56E3CB8DF86}"
EndProject
Project("{D954291E-2A0B-460D-934E-DC6B0785DB48}") = "Nina.Selection", "Nina.Selection\Nina.Selection.shproj", "{2543CBBE-2002-452D-B8E2-77FE6C95823C}"
EndProject
Global
	GlobalSection(SharedMSBuildProjectFiles) = preSolution
		Nina.Common\Nina.Common.projitems*{115f6477-2cac-4bf5-b7a6-ba77086a5573}*SharedItemsImports = 4
		Nina.Ribbon\Nina.Ribbon.projitems*{115f6477-2cac-4bf5-b7a6-ba77086a5573}*SharedItemsImports = 4
		Nina.Selection\Nina.Selection.projitems*{115f6477-2cac-4bf5-b7a6-ba77086a5573}*SharedItemsImports = 4
		Nina.Visibility\Nina.Visibility.projitems*{115f6477-2cac-4bf5-b7a6-ba77086a5573}*SharedItemsImports = 4
		Nina\Nina.projitems*{115f6477-2cac-4bf5-b7a6-ba77086a5573}*SharedItemsImports = 4
		Nina.Selection\Nina.Selection.projitems*{2543cbbe-2002-452d-b8e2-77fe6c95823c}*SharedItemsImports = 13
		Nina.Common\Nina.Common.projitems*{2d838553-d6a4-4f38-8369-4232d7cba9a1}*SharedItemsImports = 13
		Nina.Common\Nina.Common.projitems*{40303a00-f9fa-49c1-bb31-bc5cc5de7f7f}*SharedItemsImports = 4
		Nina.Ribbon\Nina.Ribbon.projitems*{40303a00-f9fa-49c1-bb31-bc5cc5de7f7f}*SharedItemsImports = 4
		Nina.Selection\Nina.Selection.projitems*{40303a00-f9fa-49c1-bb31-bc5cc5de7f7f}*SharedItemsImports = 4
		Nina.Visibility\Nina.Visibility.projitems*{40303a00-f9fa-49c1-bb31-bc5cc5de7f7f}*SharedItemsImports = 4
		Nina\Nina.projitems*{40303a00-f9fa-49c1-bb31-bc5cc5de7f7f}*SharedItemsImports = 4
		Nina.Common\Nina.Common.projitems*{41715ff6-b8f0-4b59-bc88-98d00244df92}*SharedItemsImports = 4
		Nina.Ribbon\Nina.Ribbon.projitems*{41715ff6-b8f0-4b59-bc88-98d00244df92}*SharedItemsImports = 4
		Nina.Visibility\Nina.Visibility.projitems*{41715ff6-b8f0-4b59-bc88-98d00244df92}*SharedItemsImports = 4
		Nina\Nina.projitems*{41715ff6-b8f0-4b59-bc88-98d00244df92}*SharedItemsImports = 4
		Nina\Nina.projitems*{5063b465-5bec-495a-92b6-304f7f094475}*SharedItemsImports = 13
		Nina.Visibility\Nina.Visibility.projitems*{69f27c35-99db-4218-86fa-c56e3cb8df86}*SharedItemsImports = 13
		Nina.Common\Nina.Common.projitems*{af077125-ed5a-43d0-8c65-57f83fb837f6}*SharedItemsImports = 4
		Nina.Ribbon\Nina.Ribbon.projitems*{af077125-ed5a-43d0-8c65-57f83fb837f6}*SharedItemsImports = 4
		Nina.Visibility\Nina.Visibility.projitems*{af077125-ed5a-43d0-8c65-57f83fb837f6}*SharedItemsImports = 4
		Nina\Nina.projitems*{af077125-ed5a-43d0-8c65-57f83fb837f6}*SharedItemsImports = 4
		Nina.Ribbon\Nina.Ribbon.projitems*{d0407110-0248-4bb3-a50c-7be272db42b3}*SharedItemsImports = 13
		Nina.Common\Nina.Common.projitems*{da685808-e83e-40bc-bb9d-f0dcd072727f}*SharedItemsImports = 4
		Nina.Ribbon\Nina.Ribbon.projitems*{da685808-e83e-40bc-bb9d-f0dcd072727f}*SharedItemsImports = 4
		Nina.Visibility\Nina.Visibility.projitems*{da685808-e83e-40bc-bb9d-f0dcd072727f}*SharedItemsImports = 4
		Nina\Nina.projitems*{da685808-e83e-40bc-bb9d-f0dcd072727f}*SharedItemsImports = 4
		Nina.Common\Nina.Common.projitems*{e72eb623-16a7-4a68-bc8a-62ccbe8550bf}*SharedItemsImports = 4
		Nina.Ribbon\Nina.Ribbon.projitems*{e72eb623-16a7-4a68-bc8a-62ccbe8550bf}*SharedItemsImports = 4
		Nina.Selection\Nina.Selection.projitems*{e72eb623-16a7-4a68-bc8a-62ccbe8550bf}*SharedItemsImports = 4
		Nina.Visibility\Nina.Visibility.projitems*{e72eb623-16a7-4a68-bc8a-62ccbe8550bf}*SharedItemsImports = 4
		Nina\Nina.projitems*{e72eb623-16a7-4a68-bc8a-62ccbe8550bf}*SharedItemsImports = 4
	EndGlobalSection
	GlobalSection(SolutionConfigurationPlatforms) = preSolution
		Debug|Any CPU = Debug|Any CPU
		Release|Any CPU = Release|Any CPU
	EndGlobalSection
	GlobalSection(ProjectConfigurationPlatforms) = postSolution
		{41715FF6-B8F0-4B59-BC88-98D00244DF92}.Debug|Any CPU.ActiveCfg = Debug|Any CPU
		{41715FF6-B8F0-4B59-BC88-98D00244DF92}.Debug|Any CPU.Build.0 = Debug|Any CPU
		{41715FF6-B8F0-4B59-BC88-98D00244DF92}.Release|Any CPU.ActiveCfg = Release|Any CPU
		{41715FF6-B8F0-4B59-BC88-98D00244DF92}.Release|Any CPU.Build.0 = Release|Any CPU
		{AF077125-ED5A-43D0-8C65-57F83FB837F6}.Debug|Any CPU.ActiveCfg = Debug|Any CPU
		{AF077125-ED5A-43D0-8C65-57F83FB837F6}.Debug|Any CPU.Build.0 = Debug|Any CPU
		{AF077125-ED5A-43D0-8C65-57F83FB837F6}.Release|Any CPU.ActiveCfg = Release|Any CPU
		{AF077125-ED5A-43D0-8C65-57F83FB837F6}.Release|Any CPU.Build.0 = Release|Any CPU
		{DA685808-E83E-40BC-BB9D-F0DCD072727F}.Debug|Any CPU.ActiveCfg = Debug|Any CPU
		{DA685808-E83E-40BC-BB9D-F0DCD072727F}.Debug|Any CPU.Build.0 = Debug|Any CPU
		{DA685808-E83E-40BC-BB9D-F0DCD072727F}.Release|Any CPU.ActiveCfg = Release|Any CPU
		{DA685808-E83E-40BC-BB9D-F0DCD072727F}.Release|Any CPU.Build.0 = Release|Any CPU
		{40303A00-F9FA-49C1-BB31-BC5CC5DE7F7F}.Debug|Any CPU.ActiveCfg = Debug|Any CPU
		{40303A00-F9FA-49C1-BB31-BC5CC5DE7F7F}.Debug|Any CPU.Build.0 = Debug|Any CPU
		{40303A00-F9FA-49C1-BB31-BC5CC5DE7F7F}.Release|Any CPU.ActiveCfg = Release|Any CPU
		{40303A00-F9FA-49C1-BB31-BC5CC5DE7F7F}.Release|Any CPU.Build.0 = Release|Any CPU
		{E72EB623-16A7-4A68-BC8A-62CCBE8550BF}.Debug|Any CPU.ActiveCfg = Debug|Any CPU
		{E72EB623-16A7-4A68-BC8A-62CCBE8550BF}.Debug|Any CPU.Build.0 = Debug|Any CPU
		{E72EB623-16A7-4A68-BC8A-62CCBE8550BF}.Release|Any CPU.ActiveCfg = Release|Any CPU
		{E72EB623-16A7-4A68-BC8A-62CCBE8550BF}.Release|Any CPU.Build.0 = Release|Any CPU
		{115F6477-2CAC-4BF5-B7A6-BA77086A5573}.Debug|Any CPU.ActiveCfg = Debug|Any CPU
		{115F6477-2CAC-4BF5-B7A6-BA77086A5573}.Debug|Any CPU.Build.0 = Debug|Any CPU
		{115F6477-2CAC-4BF5-B7A6-BA77086A5573}.Release|Any CPU.ActiveCfg = Release|Any CPU
		{115F6477-2CAC-4BF5-B7A6-BA77086A5573}.Release|Any CPU.Build.0 = Release|Any CPU
	EndGlobalSection
	GlobalSection(SolutionProperties) = preSolution
		HideSolutionNode = FALSE
	EndGlobalSection
	GlobalSection(ExtensibilityGlobals) = postSolution
		SolutionGuid = {41BFD3E2-2452-4DCC-B0AF-5C71ECF07949}
	EndGlobalSection
EndGlobal
