
Microsoft Visual Studio Solution File, Format Version 12.00
# Visual Studio Version 16
VisualStudioVersion = 16.0.30804.86
MinimumVisualStudioVersion = 10.0.40219.1
Project("{FAE04EC0-301F-11D3-BF4B-00C04F79EFBC}") = "Nina", "Nina\Nina.csproj", "{087ACF19-3757-4128-882E-184561FF227F}"
EndProject
Project("{54435603-DBB4-11D2-8724-00A0C9A8B90C}") = "Nina.Setup", "Setup\Setup.vdproj", "{E373DA86-6131-45D9-BDCD-14FD9F41B69B}"
EndProject
Project("{FAE04EC0-301F-11D3-BF4B-00C04F79EFBC}") = "Nina.Logging", "Logging.Core\Nina.Logging.csproj", "{8E355853-4C84-4A3C-8A4A-4989929C3287}"
EndProject
Global
	GlobalSection(SolutionConfigurationPlatforms) = preSolution
		Debug|Any CPU = Debug|Any CPU
		R2018|Any CPU = R2018|Any CPU
		R2019|Any CPU = R2019|Any CPU
		R2020|Any CPU = R2020|Any CPU
		Release|Any CPU = Release|Any CPU
		Setup|Any CPU = Setup|Any CPU
	EndGlobalSection
	GlobalSection(ProjectConfigurationPlatforms) = postSolution
		{087ACF19-3757-4128-882E-184561FF227F}.Debug|Any CPU.ActiveCfg = Debug|Any CPU
		{087ACF19-3757-4128-882E-184561FF227F}.Debug|Any CPU.Build.0 = Debug|Any CPU
		{087ACF19-3757-4128-882E-184561FF227F}.R2018|Any CPU.ActiveCfg = R2018|Any CPU
		{087ACF19-3757-4128-882E-184561FF227F}.R2018|Any CPU.Build.0 = R2018|Any CPU
		{087ACF19-3757-4128-882E-184561FF227F}.R2019|Any CPU.ActiveCfg = R2019|Any CPU
		{087ACF19-3757-4128-882E-184561FF227F}.R2019|Any CPU.Build.0 = R2019|Any CPU
		{087ACF19-3757-4128-882E-184561FF227F}.R2020|Any CPU.ActiveCfg = R2020|Any CPU
		{087ACF19-3757-4128-882E-184561FF227F}.R2020|Any CPU.Build.0 = R2020|Any CPU
		{087ACF19-3757-4128-882E-184561FF227F}.Release|Any CPU.ActiveCfg = Release|Any CPU
		{087ACF19-3757-4128-882E-184561FF227F}.Release|Any CPU.Build.0 = Release|Any CPU
		{087ACF19-3757-4128-882E-184561FF227F}.Setup|Any CPU.ActiveCfg = Setup|Any CPU
		{E373DA86-6131-45D9-BDCD-14FD9F41B69B}.Debug|Any CPU.ActiveCfg = Debug
		{E373DA86-6131-45D9-BDCD-14FD9F41B69B}.R2018|Any CPU.ActiveCfg = Release
		{E373DA86-6131-45D9-BDCD-14FD9F41B69B}.R2018|Any CPU.Build.0 = Release
		{E373DA86-6131-45D9-BDCD-14FD9F41B69B}.R2019|Any CPU.ActiveCfg = Release
		{E373DA86-6131-45D9-BDCD-14FD9F41B69B}.R2020|Any CPU.ActiveCfg = Release
		{E373DA86-6131-45D9-BDCD-14FD9F41B69B}.Release|Any CPU.ActiveCfg = Release
		{E373DA86-6131-45D9-BDCD-14FD9F41B69B}.Setup|Any CPU.ActiveCfg = Setup
		{E373DA86-6131-45D9-BDCD-14FD9F41B69B}.Setup|Any CPU.Build.0 = Setup
		{8E355853-4C84-4A3C-8A4A-4989929C3287}.Debug|Any CPU.ActiveCfg = Debug|Any CPU
		{8E355853-4C84-4A3C-8A4A-4989929C3287}.Debug|Any CPU.Build.0 = Debug|Any CPU
		{8E355853-4C84-4A3C-8A4A-4989929C3287}.R2018|Any CPU.ActiveCfg = Release|Any CPU
		{8E355853-4C84-4A3C-8A4A-4989929C3287}.R2018|Any CPU.Build.0 = Release|Any CPU
		{8E355853-4C84-4A3C-8A4A-4989929C3287}.R2019|Any CPU.ActiveCfg = Release|Any CPU
		{8E355853-4C84-4A3C-8A4A-4989929C3287}.R2019|Any CPU.Build.0 = Release|Any CPU
		{8E355853-4C84-4A3C-8A4A-4989929C3287}.R2020|Any CPU.ActiveCfg = Release|Any CPU
		{8E355853-4C84-4A3C-8A4A-4989929C3287}.R2020|Any CPU.Build.0 = Release|Any CPU
		{8E355853-4C84-4A3C-8A4A-4989929C3287}.Release|Any CPU.ActiveCfg = Release|Any CPU
		{8E355853-4C84-4A3C-8A4A-4989929C3287}.Release|Any CPU.Build.0 = Release|Any CPU
		{8E355853-4C84-4A3C-8A4A-4989929C3287}.Setup|Any CPU.ActiveCfg = Setup|Any CPU
	EndGlobalSection
	GlobalSection(SolutionProperties) = preSolution
		HideSolutionNode = FALSE
	EndGlobalSection
	GlobalSection(ExtensibilityGlobals) = postSolution
		SolutionGuid = {BB488B07-90F8-404F-A510-583448D814C4}
	EndGlobalSection
EndGlobal
